
Microsoft Visual Studio Solution File, Format Version 12.00
# Visual Studio 15
VisualStudioVersion = 15.0.27428.2002
MinimumVisualStudioVersion = 10.0.40219.1
Project("{8BC9CEB8-8B4A-11D0-8D11-00A0C91BC942}") = "Plataformer_SFML", "Plataformer_SFML\Plataformer_SFML.vcxproj", "{8622D9BA-1363-4C2D-B1C3-BA96320D8CBE}"
EndProject
Global
	GlobalSection(SolutionConfigurationPlatforms) = preSolution
		Debug|x64 = Debug|x64
		Debug|x86 = Debug|x86
		Release|x64 = Release|x64
		Release|x86 = Release|x86
	EndGlobalSection
	GlobalSection(ProjectConfigurationPlatforms) = postSolution
		{8622D9BA-1363-4C2D-B1C3-BA96320D8CBE}.Debug|x64.ActiveCfg = Debug|x64
		{8622D9BA-1363-4C2D-B1C3-BA96320D8CBE}.Debug|x64.Build.0 = Debug|x64
		{8622D9BA-1363-4C2D-B1C3-BA96320D8CBE}.Debug|x86.ActiveCfg = Debug|Win32
		{8622D9BA-1363-4C2D-B1C3-BA96320D8CBE}.Debug|x86.Build.0 = Debug|Win32
		{8622D9BA-1363-4C2D-B1C3-BA96320D8CBE}.Release|x64.ActiveCfg = Release|x64
		{8622D9BA-1363-4C2D-B1C3-BA96320D8CBE}.Release|x64.Build.0 = Release|x64
		{8622D9BA-1363-4C2D-B1C3-BA96320D8CBE}.Release|x86.ActiveCfg = Release|Win32
		{8622D9BA-1363-4C2D-B1C3-BA96320D8CBE}.Release|x86.Build.0 = Release|Win32
	EndGlobalSection
	GlobalSection(SolutionProperties) = preSolution
		HideSolutionNode = FALSE
	EndGlobalSection
	GlobalSection(ExtensibilityGlobals) = postSolution
		SolutionGuid = {CE629719-6E57-4EA5-B4DF-3BE6BA219968}
	EndGlobalSection
EndGlobal
